
Microsoft Visual Studio Solution File, Format Version 12.00
# Visual Studio 14
VisualStudioVersion = 14.0.24720.0
MinimumVisualStudioVersion = 10.0.40219.1
Project("{FAE04EC0-301F-11D3-BF4B-00C04F79EFBC}") = "IsATriangle", "IsATriangle\IsATriangle.csproj", "{B4897E16-B635-4D22-940C-DE613ECF871E}"
EndProject
Project("{FAE04EC0-301F-11D3-BF4B-00C04F79EFBC}") = "IsATriangleTests", "IsATriangleTests\IsATriangleTests.csproj", "{193B696B-6851-4C45-95B1-C2206C445D03}"
EndProject
Global
	GlobalSection(SolutionConfigurationPlatforms) = preSolution
		Debug|Any CPU = Debug|Any CPU
		Release|Any CPU = Release|Any CPU
	EndGlobalSection
	GlobalSection(ProjectConfigurationPlatforms) = postSolution
		{B4897E16-B635-4D22-940C-DE613ECF871E}.Debug|Any CPU.ActiveCfg = Debug|Any CPU
		{B4897E16-B635-4D22-940C-DE613ECF871E}.Debug|Any CPU.Build.0 = Debug|Any CPU
		{B4897E16-B635-4D22-940C-DE613ECF871E}.Release|Any CPU.ActiveCfg = Release|Any CPU
		{B4897E16-B635-4D22-940C-DE613ECF871E}.Release|Any CPU.Build.0 = Release|Any CPU
		{193B696B-6851-4C45-95B1-C2206C445D03}.Debug|Any CPU.ActiveCfg = Debug|Any CPU
		{193B696B-6851-4C45-95B1-C2206C445D03}.Debug|Any CPU.Build.0 = Debug|Any CPU
		{193B696B-6851-4C45-95B1-C2206C445D03}.Release|Any CPU.ActiveCfg = Release|Any CPU
		{193B696B-6851-4C45-95B1-C2206C445D03}.Release|Any CPU.Build.0 = Release|Any CPU
	EndGlobalSection
	GlobalSection(SolutionProperties) = preSolution
		HideSolutionNode = FALSE
	EndGlobalSection
EndGlobal
